{
  "name": "dynamo",
  "lockfileVersion": 2,
  "requires": true,
  "packages": {
    "": {
      "dependencies": {
        "@vueform/slider": "^2.0.10"
      }
    },
    "node_modules/@vueform/slider": {
      "version": "2.0.10",
      "resolved": "https://registry.npmjs.org/@vueform/slider/-/slider-2.0.10.tgz",
      "integrity": "sha512-FRFKEdICDWWrK7P+rzQiqryFlAnDgy+ZYha9zaFg8Z/9dsSby5DAF4TaaqnUxezkAT22j7O0Ho7Eft+oaViieA=="
    }
  },
  "dependencies": {
    "@vueform/slider": {
      "version": "2.0.10",
      "resolved": "https://registry.npmjs.org/@vueform/slider/-/slider-2.0.10.tgz",
      "integrity": "sha512-FRFKEdICDWWrK7P+rzQiqryFlAnDgy+ZYha9zaFg8Z/9dsSby5DAF4TaaqnUxezkAT22j7O0Ho7Eft+oaViieA=="
    }
  }
}
